{
  "meteor": {},
  "dependencies": {
    "basePackages": {
      "iron-router": {},
      "bootstrap-datepicker2": {}
    },
    "packages": {
      "iron-router": {
        "git": "https://github.com/EventedMind/iron-router.git",
        "tag": "v0.6.2",
        "commit": "ce56e58b45624dce992490f3a1c10f10d3948bae"
      },
      "bootstrap-datepicker2": {
        "git": "https://github.com/deepwell/meteor-bootstrap-datepicker.git",
        "tag": "v1.2.0",
        "commit": "b7de18a7cc651ea665cda75048663f90d1a11d10"
      }
    }
  }
}
